PODS:
  - GPUImage-StraaS (0.1.10)
  - YUGPUImageHighPassSkinSmoothing-Straas (1.5):
    - GPUImage-StraaS (~> 0.1.10)

DEPENDENCIES:
  - GPUImage-StraaS (~> 0.1.10)
  - YUGPUImageHighPassSkinSmoothing-Straas (from `../`)

SPEC REPOS:
  https://github.com/cocoapods/specs.git:
    - GPUImage-StraaS

EXTERNAL SOURCES:
  YUGPUImageHighPassSkinSmoothing-Straas:
    :path: "../"

SPEC CHECKSUMS:
  GPUImage-StraaS: 2fd283446cf90bb5f9ef4a1554f4d50eb4cd29b6
  YUGPUImageHighPassSkinSmoothing-Straas: 070096b8eb99bb441b77f4a1d45b32fb3999d310

PODFILE CHECKSUM: 0f55576d962cfc3b6c586e40e92d6b7f3e45a48e

COCOAPODS: 1.7.5
